
Microsoft Visual Studio Solution File, Format Version 12.00
# Visual Studio 14
VisualStudioVersion = 14.0.25420.1
MinimumVisualStudioVersion = 10.0.40219.1
<<<<<<< HEAD
Global
=======
Project("{FAE04EC0-301F-11D3-BF4B-00C04F79EFBC}") = "ZapiCSharp", "ZapiCSharp\ZapiCSharp.csproj", "{11339081-D2EB-43D7-8781-69B79E88078C}"
EndProject
Project("{2150E333-8FDC-42A3-9474-1A3956D46DE8}") = "Solution Items", "Solution Items", "{E41AF01B-C056-4EBB-9FE9-B6A9FC10C3AD}"
	ProjectSection(SolutionItems) = preProject
		README.md = README.md
	EndProjectSection
EndProject
Global
	GlobalSection(SolutionConfigurationPlatforms) = preSolution
		Debug|Any CPU = Debug|Any CPU
		Release|Any CPU = Release|Any CPU
	EndGlobalSection
	GlobalSection(ProjectConfigurationPlatforms) = postSolution
		{11339081-D2EB-43D7-8781-69B79E88078C}.Debug|Any CPU.ActiveCfg = Debug|Any CPU
		{11339081-D2EB-43D7-8781-69B79E88078C}.Debug|Any CPU.Build.0 = Debug|Any CPU
		{11339081-D2EB-43D7-8781-69B79E88078C}.Release|Any CPU.ActiveCfg = Release|Any CPU
		{11339081-D2EB-43D7-8781-69B79E88078C}.Release|Any CPU.Build.0 = Release|Any CPU
	EndGlobalSection
>>>>>>> aa90916591a1a1f6b03b58403efaf4f2a9bc4b24
	GlobalSection(SolutionProperties) = preSolution
		HideSolutionNode = FALSE
	EndGlobalSection
EndGlobal
